// !$*UTF8*$!
{
	archiveVersion = 1;
	classes = {
	};
	objectVersion = 77;
	objects = {

/* Begin PBXBuildFile section */
		8BD80ED32DFE46040081EE60 /* FirebaseAI in Frameworks */ = {isa = PBXBuildFile; productRef = 8BD80ED22DFE46040081EE60 /* FirebaseAI */; };
		8BD80ED52DFE46040081EE60 /* FirebaseAppCheck in Frameworks */ = {isa = PBXBuildFile; productRef = 8BD80ED42DFE46040081EE60 /* FirebaseAppCheck */; };
		8BD80ED72DFE46050081EE60 /* FirebaseAuth in Frameworks */ = {isa = PBXBuildFile; productRef = 8BD80ED62DFE46050081EE60 /* FirebaseAuth */; };
		8BD80ED92DFE46050081EE60 /* FirebaseDatabase in Frameworks */ = {isa = PBXBuildFile; productRef = 8BD80ED82DFE46050081EE60 /* FirebaseDatabase */; };
		8BD80EDB2DFE46050081EE60 /* FirebaseFirestore in Frameworks */ = {isa = PBXBuildFile; productRef = 8BD80EDA2DFE46050081EE60 /* FirebaseFirestore */; };
		8BD80EDD2DFE46050081EE60 /* FirebaseVertexAI in Frameworks */ = {isa = PBXBuildFile; productRef = 8BD80EDC2DFE46050081EE60 /* FirebaseVertexAI */; };
		8BD80EE32DFE4FC10081EE60 /* FirebaseStorageCombine-Community in Frameworks */ = {isa = PBXBuildFile; productRef = 8BD80EE22DFE4FC10081EE60 /* FirebaseStorageCombine-Community */; };
		8BD80EE52DFE50350081EE60 /* FirebaseCore in Frameworks */ = {isa = PBXBuildFile; productRef = 8BD80EE42DFE50350081EE60 /* FirebaseCore */; };
		8BD80EE72DFE50B20081EE60 /* FirebaseFirestore in Frameworks */ = {isa = PBXBuildFile; productRef = 8BD80EE62DFE50B20081EE60 /* FirebaseFirestore */; };
		8BD80EE92DFE50B20081EE60 /* FirebaseFirestoreCombine-Community in Frameworks */ = {isa = PBXBuildFile; productRef = 8BD80EE82DFE50B20081EE60 /* FirebaseFirestoreCombine-Community */; };
		8BD80EEB2DFE51840081EE60 /* FirebaseFirestoreCombine-Community in Frameworks */ = {isa = PBXBuildFile; productRef = 8BD80EEA2DFE51840081EE60 /* FirebaseFirestoreCombine-Community */; };
/* End PBXBuildFile section */

/* Begin PBXContainerItemProxy section */
		8B2FF5C42CBA3110006CD4CA /* PBXContainerItemProxy */ = {
			isa = PBXContainerItemProxy;
			containerPortal = 8B2FF5AA2CBA310E006CD4CA /* Project object */;
			proxyType = 1;
			remoteGlobalIDString = 8B2FF5B12CBA310E006CD4CA;
			remoteInfo = Guadalajarapp;
		};
		8B2FF5CE2CBA3110006CD4CA /* PBXContainerItemProxy */ = {
			isa = PBXContainerItemProxy;
			containerPortal = 8B2FF5AA2CBA310E006CD4CA /* Project object */;
			proxyType = 1;
			remoteGlobalIDString = 8B2FF5B12CBA310E006CD4CA;
			remoteInfo = Guadalajarapp;
		};
/* End PBXContainerItemProxy section */

/* Begin PBXFileReference section */
		8B2FF5B22CBA310E006CD4CA /* Guadalajarapp.app */ = {isa = PBXFileReference; explicitFileType = wrapper.application; includeInIndex = 0; path = Guadalajarapp.app; sourceTree = BUILT_PRODUCTS_DIR; };
		8B2FF5C32CBA3110006CD4CA /* GuadalajarappTests.xctest */ = {isa = PBXFileReference; explicitFileType = wrapper.cfbundle; includeInIndex = 0; path = GuadalajarappTests.xctest; sourceTree = BUILT_PRODUCTS_DIR; };
		8B2FF5CD2CBA3110006CD4CA /* GuadalajarappUITests.xctest */ = {isa = PBXFileReference; explicitFileType = wrapper.cfbundle; includeInIndex = 0; path = GuadalajarappUITests.xctest; sourceTree = BUILT_PRODUCTS_DIR; };
/* End PBXFileReference section */

/* Begin PBXFileSystemSynchronizedRootGroup section */
		8B2FF5B42CBA310E006CD4CA /* Guadalajarapp */ = {
			isa = PBXFileSystemSynchronizedRootGroup;
			path = Guadalajarapp;
			sourceTree = "<group>";
		};
		8B2FF5C62CBA3110006CD4CA /* GuadalajarappTests */ = {
			isa = PBXFileSystemSynchronizedRootGroup;
			path = GuadalajarappTests;
			sourceTree = "<group>";
		};
		8B2FF5D02CBA3110006CD4CA /* GuadalajarappUITests */ = {
			isa = PBXFileSystemSynchronizedRootGroup;
			path = GuadalajarappUITests;
			sourceTree = "<group>";
		};
/* End PBXFileSystemSynchronizedRootGroup section */

/* Begin PBXFrameworksBuildPhase section */
		8B2FF5AF2CBA310E006CD4CA /* Frameworks */ = {
			isa = PBXFrameworksBuildPhase;
			buildActionMask = 2147483647;
			files = (
				8BD80ED52DFE46040081EE60 /* FirebaseAppCheck in Frameworks */,
				8BD80EE32DFE4FC10081EE60 /* FirebaseStorageCombine-Community in Frameworks */,
				8BD80EDD2DFE46050081EE60 /* FirebaseVertexAI in Frameworks */,
				8BD80EEB2DFE51840081EE60 /* FirebaseFirestoreCombine-Community in Frameworks */,
				8BD80EE92DFE50B20081EE60 /* FirebaseFirestoreCombine-Community in Frameworks */,
				8BD80ED72DFE46050081EE60 /* FirebaseAuth in Frameworks */,
				8BD80ED92DFE46050081EE60 /* FirebaseDatabase in Frameworks */,
				8BD80EDB2DFE46050081EE60 /* FirebaseFirestore in Frameworks */,
				8BD80EE52DFE50350081EE60 /* FirebaseCore in Frameworks */,
				8BD80ED32DFE46040081EE60 /* FirebaseAI in Frameworks */,
			);
			runOnlyForDeploymentPostprocessing = 0;
		};
		8B2FF5C02CBA3110006CD4CA /* Frameworks */ = {
			isa = PBXFrameworksBuildPhase;
			buildActionMask = 2147483647;
			files = (
				8BD80EE72DFE50B20081EE60 /* FirebaseFirestore in Frameworks */,
			);
			runOnlyForDeploymentPostprocessing = 0;
		};
		8B2FF5CA2CBA3110006CD4CA /* Frameworks */ = {
			isa = PBXFrameworksBuildPhase;
			buildActionMask = 2147483647;
			files = (
			);
			runOnlyForDeploymentPostprocessing = 0;
		};
/* End PBXFrameworksBuildPhase section */

/* Begin PBXGroup section */
		8B2FF5A92CBA310E006CD4CA = {
			isa = PBXGroup;
			children = (
				8B2FF5B42CBA310E006CD4CA /* Guadalajarapp */,
				8B2FF5C62CBA3110006CD4CA /* GuadalajarappTests */,
				8B2FF5D02CBA3110006CD4CA /* GuadalajarappUITests */,
				8B2FF5B32CBA310E006CD4CA /* Products */,
			);
			sourceTree = "<group>";
		};
		8B2FF5B32CBA310E006CD4CA /* Products */ = {
			isa = PBXGroup;
			children = (
				8B2FF5B22CBA310E006CD4CA /* Guadalajarapp.app */,
				8B2FF5C32CBA3110006CD4CA /* GuadalajarappTests.xctest */,
				8B2FF5CD2CBA3110006CD4CA /* GuadalajarappUITests.xctest */,
			);
			name = Products;
			sourceTree = "<group>";
		};
/* End PBXGroup section */

/* Begin PBXNativeTarget section */
		8B2FF5B12CBA310E006CD4CA /* Guadalajarapp */ = {
			isa = PBXNativeTarget;
			buildConfigurationList = 8B2FF5D72CBA3110006CD4CA /* Build configuration list for PBXNativeTarget "Guadalajarapp" */;
			buildPhases = (
				8B2FF5AE2CBA310E006CD4CA /* Sources */,
				8B2FF5AF2CBA310E006CD4CA /* Frameworks */,
				8B2FF5B02CBA310E006CD4CA /* Resources */,
			);
			buildRules = (
			);
			dependencies = (
			);
			fileSystemSynchronizedGroups = (
				8B2FF5B42CBA310E006CD4CA /* Guadalajarapp */,
			);
			name = Guadalajarapp;
			packageProductDependencies = (
				8BD80ED22DFE46040081EE60 /* FirebaseAI */,
				8BD80ED42DFE46040081EE60 /* FirebaseAppCheck */,
				8BD80ED62DFE46050081EE60 /* FirebaseAuth */,
				8BD80ED82DFE46050081EE60 /* FirebaseDatabase */,
				8BD80EDA2DFE46050081EE60 /* FirebaseFirestore */,
				8BD80EDC2DFE46050081EE60 /* FirebaseVertexAI */,
				8BD80EE22DFE4FC10081EE60 /* FirebaseStorageCombine-Community */,
				8BD80EE42DFE50350081EE60 /* FirebaseCore */,
				8BD80EE82DFE50B20081EE60 /* FirebaseFirestoreCombine-Community */,
				8BD80EEA2DFE51840081EE60 /* FirebaseFirestoreCombine-Community */,
			);
			productName = Guadalajarapp;
			productReference = 8B2FF5B22CBA310E006CD4CA /* Guadalajarapp.app */;
			productType = "com.apple.product-type.application";
		};
		8B2FF5C22CBA3110006CD4CA /* GuadalajarappTests */ = {
			isa = PBXNativeTarget;
			buildConfigurationList = 8B2FF5DA2CBA3110006CD4CA /* Build configuration list for PBXNativeTarget "GuadalajarappTests" */;
			buildPhases = (
				8B2FF5BF2CBA3110006CD4CA /* Sources */,
				8B2FF5C02CBA3110006CD4CA /* Frameworks */,
				8B2FF5C12CBA3110006CD4CA /* Resources */,
			);
			buildRules = (
			);
			dependencies = (
				8B2FF5C52CBA3110006CD4CA /* PBXTargetDependency */,
			);
			fileSystemSynchronizedGroups = (
				8B2FF5C62CBA3110006CD4CA /* GuadalajarappTests */,
			);
			name = GuadalajarappTests;
			packageProductDependencies = (
				8BD80EE62DFE50B20081EE60 /* FirebaseFirestore */,
			);
			productName = GuadalajarappTests;
			productReference = 8B2FF5C32CBA3110006CD4CA /* GuadalajarappTests.xctest */;
			productType = "com.apple.product-type.bundle.unit-test";
		};
		8B2FF5CC2CBA3110006CD4CA /* GuadalajarappUITests */ = {
			isa = PBXNativeTarget;
			buildConfigurationList = 8B2FF5DD2CBA3110006CD4CA /* Build configuration list for PBXNativeTarget "GuadalajarappUITests" */;
			buildPhases = (
				8B2FF5C92CBA3110006CD4CA /* Sources */,
				8B2FF5CA2CBA3110006CD4CA /* Frameworks */,
				8B2FF5CB2CBA3110006CD4CA /* Resources */,
			);
			buildRules = (
			);
			dependencies = (
				8B2FF5CF2CBA3110006CD4CA /* PBXTargetDependency */,
			);
			fileSystemSynchronizedGroups = (
				8B2FF5D02CBA3110006CD4CA /* GuadalajarappUITests */,
			);
			name = GuadalajarappUITests;
			packageProductDependencies = (
			);
			productName = GuadalajarappUITests;
			productReference = 8B2FF5CD2CBA3110006CD4CA /* GuadalajarappUITests.xctest */;
			productType = "com.apple.product-type.bundle.ui-testing";
		};
/* End PBXNativeTarget section */

/* Begin PBXProject section */
		8B2FF5AA2CBA310E006CD4CA /* Project object */ = {
			isa = PBXProject;
			attributes = {
				BuildIndependentTargetsInParallel = 1;
				LastSwiftUpdateCheck = 1600;
				LastUpgradeCheck = 1620;
				TargetAttributes = {
					8B2FF5B12CBA310E006CD4CA = {
						CreatedOnToolsVersion = 16.0;
					};
					8B2FF5C22CBA3110006CD4CA = {
						CreatedOnToolsVersion = 16.0;
						TestTargetID = 8B2FF5B12CBA310E006CD4CA;
					};
					8B2FF5CC2CBA3110006CD4CA = {
						CreatedOnToolsVersion = 16.0;
						TestTargetID = 8B2FF5B12CBA310E006CD4CA;
					};
				};
			};
			buildConfigurationList = 8B2FF5AD2CBA310E006CD4CA /* Build configuration list for PBXProject "Guadalajarapp" */;
			developmentRegion = en;
			hasScannedForEncodings = 0;
			knownRegions = (
				en,
				Base,
			);
			mainGroup = 8B2FF5A92CBA310E006CD4CA;
			minimizedProjectReferenceProxies = 1;
			packageReferences = (
				8BD80ED12DFE46040081EE60 /* XCRemoteSwiftPackageReference "firebase-ios-sdk" */,
			);
			preferredProjectObjectVersion = 77;
			productRefGroup = 8B2FF5B32CBA310E006CD4CA /* Products */;
			projectDirPath = "";
			projectRoot = "";
			targets = (
				8B2FF5B12CBA310E006CD4CA /* Guadalajarapp */,
				8B2FF5C22CBA3110006CD4CA /* GuadalajarappTests */,
				8B2FF5CC2CBA3110006CD4CA /* GuadalajarappUITests */,
			);
		};
/* End PBXProject section */

/* Begin PBXResourcesBuildPhase section */
		8B2FF5B02CBA310E006CD4CA /* Resources */ = {
			isa = PBXResourcesBuildPhase;
			buildActionMask = 2147483647;
			files = (
			);
			runOnlyForDeploymentPostprocessing = 0;
		};
		8B2FF5C12CBA3110006CD4CA /* Resources */ = {
			isa = PBXResourcesBuildPhase;
			buildActionMask = 2147483647;
			files = (
			);
			runOnlyForDeploymentPostprocessing = 0;
		};
		8B2FF5CB2CBA3110006CD4CA /* Resources */ = {
			isa = PBXResourcesBuildPhase;
			buildActionMask = 2147483647;
			files = (
			);
			runOnlyForDeploymentPostprocessing = 0;
		};
/* End PBXResourcesBuildPhase section */

/* Begin PBXSourcesBuildPhase section */
		8B2FF5AE2CBA310E006CD4CA /* Sources */ = {
			isa = PBXSourcesBuildPhase;
			buildActionMask = 2147483647;
			files = (
			);
			runOnlyForDeploymentPostprocessing = 0;
		};
		8B2FF5BF2CBA3110006CD4CA /* Sources */ = {
			isa = PBXSourcesBuildPhase;
			buildActionMask = 2147483647;
			files = (
			);
			runOnlyForDeploymentPostprocessing = 0;
		};
		8B2FF5C92CBA3110006CD4CA /* Sources */ = {
			isa = PBXSourcesBuildPhase;
			buildActionMask = 2147483647;
			files = (
			);
			runOnlyForDeploymentPostprocessing = 0;
		};
/* End PBXSourcesBuildPhase section */

/* Begin PBXTargetDependency section */
		8B2FF5C52CBA3110006CD4CA /* PBXTargetDependency */ = {
			isa = PBXTargetDependency;
			target = 8B2FF5B12CBA310E006CD4CA /* Guadalajarapp */;
			targetProxy = 8B2FF5C42CBA3110006CD4CA /* PBXContainerItemProxy */;
		};
		8B2FF5CF2CBA3110006CD4CA /* PBXTargetDependency */ = {
			isa = PBXTargetDependency;
			target = 8B2FF5B12CBA310E006CD4CA /* Guadalajarapp */;
			targetProxy = 8B2FF5CE2CBA3110006CD4CA /* PBXContainerItemProxy */;
		};
/* End PBXTargetDependency section */

/* Begin XCBuildConfiguration section */
		8B2FF5D52CBA3110006CD4CA /* Debug */ = {
			isa = XCBuildConfiguration;
			buildSettings = {
				ALWAYS_SEARCH_USER_PATHS = NO;
				ASSETCATALOG_COMPILER_GENERATE_SWIFT_ASSET_SYMBOL_EXTENSIONS = YES;
				CLANG_ANALYZER_NONNULL = YES;
				CLANG_ANALYZER_NUMBER_OBJECT_CONVERSION = YES_AGGRESSIVE;
				CLANG_CXX_LANGUAGE_STANDARD = "gnu++20";
				CLANG_ENABLE_MODULES = YES;
				CLANG_ENABLE_OBJC_ARC = YES;
				CLANG_ENABLE_OBJC_WEAK = YES;
				CLANG_WARN_BLOCK_CAPTURE_AUTORELEASING = YES;
				CLANG_WARN_BOOL_CONVERSION = YES;
				CLANG_WARN_COMMA = YES;
				CLANG_WARN_CONSTANT_CONVERSION = YES;
				CLANG_WARN_DEPRECATED_OBJC_IMPLEMENTATIONS = YES;
				CLANG_WARN_DIRECT_OBJC_ISA_USAGE = YES_ERROR;
				CLANG_WARN_DOCUMENTATION_COMMENTS = YES;
				CLANG_WARN_EMPTY_BODY = YES;
				CLANG_WARN_ENUM_CONVERSION = YES;
				CLANG_WARN_INFINITE_RECURSION = YES;
				CLANG_WARN_INT_CONVERSION = YES;
				CLANG_WARN_NON_LITERAL_NULL_CONVERSION = YES;
				CLANG_WARN_OBJC_IMPLICIT_RETAIN_SELF = YES;
				CLANG_WARN_OBJC_LITERAL_CONVERSION = YES;
				CLANG_WARN_OBJC_ROOT_CLASS = YES_ERROR;
				CLANG_WARN_QUOTED_INCLUDE_IN_FRAMEWORK_HEADER = YES;
				CLANG_WARN_RANGE_LOOP_ANALYSIS = YES;
				CLANG_WARN_STRICT_PROTOTYPES = YES;
				CLANG_WARN_SUSPICIOUS_MOVE = YES;
				CLANG_WARN_UNGUARDED_AVAILABILITY = YES_AGGRESSIVE;
				CLANG_WARN_UNREACHABLE_CODE = YES;
				CLANG_WARN__DUPLICATE_METHOD_MATCH = YES;
				COPY_PHASE_STRIP = NO;
				DEAD_CODE_STRIPPING = YES;
				DEBUG_INFORMATION_FORMAT = dwarf;
				ENABLE_STRICT_OBJC_MSGSEND = YES;
				ENABLE_TESTABILITY = YES;
				ENABLE_USER_SCRIPT_SANDBOXING = YES;
				GCC_C_LANGUAGE_STANDARD = gnu17;
				GCC_DYNAMIC_NO_PIC = NO;
				GCC_NO_COMMON_BLOCKS = YES;
				GCC_OPTIMIZATION_LEVEL = 0;
				GCC_PREPROCESSOR_DEFINITIONS = (
					"DEBUG=1",
					"$(inherited)",
				);
				GCC_WARN_64_TO_32_BIT_CONVERSION = YES;
				GCC_WARN_ABOUT_RETURN_TYPE = YES_ERROR;
				GCC_WARN_UNDECLARED_SELECTOR = YES;
				GCC_WARN_UNINITIALIZED_AUTOS = YES_AGGRESSIVE;
				GCC_WARN_UNUSED_FUNCTION = YES;
				GCC_WARN_UNUSED_VARIABLE = YES;
				LOCALIZATION_PREFERS_STRING_CATALOGS = YES;
				MTL_ENABLE_DEBUG_INFO = INCLUDE_SOURCE;
				MTL_FAST_MATH = YES;
				ONLY_ACTIVE_ARCH = YES;
				SWIFT_ACTIVE_COMPILATION_CONDITIONS = "DEBUG $(inherited)";
				SWIFT_OPTIMIZATION_LEVEL = "-Onone";
			};
			name = Debug;
		};
		8B2FF5D62CBA3110006CD4CA /* Release */ = {
			isa = XCBuildConfiguration;
			buildSettings = {
				ALWAYS_SEARCH_USER_PATHS = NO;
				ASSETCATALOG_COMPILER_GENERATE_SWIFT_ASSET_SYMBOL_EXTENSIONS = YES;
				CLANG_ANALYZER_NONNULL = YES;
				CLANG_ANALYZER_NUMBER_OBJECT_CONVERSION = YES_AGGRESSIVE;
				CLANG_CXX_LANGUAGE_STANDARD = "gnu++20";
				CLANG_ENABLE_MODULES = YES;
				CLANG_ENABLE_OBJC_ARC = YES;
				CLANG_ENABLE_OBJC_WEAK = YES;
				CLANG_WARN_BLOCK_CAPTURE_AUTORELEASING = YES;
				CLANG_WARN_BOOL_CONVERSION = YES;
				CLANG_WARN_COMMA = YES;
				CLANG_WARN_CONSTANT_CONVERSION = YES;
				CLANG_WARN_DEPRECATED_OBJC_IMPLEMENTATIONS = YES;
				CLANG_WARN_DIRECT_OBJC_ISA_USAGE = YES_ERROR;
				CLANG_WARN_DOCUMENTATION_COMMENTS = YES;
				CLANG_WARN_EMPTY_BODY = YES;
				CLANG_WARN_ENUM_CONVERSION = YES;
				CLANG_WARN_INFINITE_RECURSION = YES;
				CLANG_WARN_INT_CONVERSION = YES;
				CLANG_WARN_NON_LITERAL_NULL_CONVERSION = YES;
				CLANG_WARN_OBJC_IMPLICIT_RETAIN_SELF = YES;
				CLANG_WARN_OBJC_LITERAL_CONVERSION = YES;
				CLANG_WARN_OBJC_ROOT_CLASS = YES_ERROR;
				CLANG_WARN_QUOTED_INCLUDE_IN_FRAMEWORK_HEADER = YES;
				CLANG_WARN_RANGE_LOOP_ANALYSIS = YES;
				CLANG_WARN_STRICT_PROTOTYPES = YES;
				CLANG_WARN_SUSPICIOUS_MOVE = YES;
				CLANG_WARN_UNGUARDED_AVAILABILITY = YES_AGGRESSIVE;
				CLANG_WARN_UNREACHABLE_CODE = YES;
				CLANG_WARN__DUPLICATE_METHOD_MATCH = YES;
				COPY_PHASE_STRIP = NO;
				DEAD_CODE_STRIPPING = YES;
				DEBUG_INFORMATION_FORMAT = "dwarf-with-dsym";
				ENABLE_NS_ASSERTIONS = NO;
				ENABLE_STRICT_OBJC_MSGSEND = YES;
				ENABLE_USER_SCRIPT_SANDBOXING = YES;
				GCC_C_LANGUAGE_STANDARD = gnu17;
				GCC_NO_COMMON_BLOCKS = YES;
				GCC_WARN_64_TO_32_BIT_CONVERSION = YES;
				GCC_WARN_ABOUT_RETURN_TYPE = YES_ERROR;
				GCC_WARN_UNDECLARED_SELECTOR = YES;
				GCC_WARN_UNINITIALIZED_AUTOS = YES_AGGRESSIVE;
				GCC_WARN_UNUSED_FUNCTION = YES;
				GCC_WARN_UNUSED_VARIABLE = YES;
				LOCALIZATION_PREFERS_STRING_CATALOGS = YES;
				MTL_ENABLE_DEBUG_INFO = NO;
				MTL_FAST_MATH = YES;
				SWIFT_COMPILATION_MODE = wholemodule;
			};
			name = Release;
		};
		8B2FF5D82CBA3110006CD4CA /* Debug */ = {
			isa = XCBuildConfiguration;
			buildSettings = {
				ASSETCATALOG_COMPILER_APPICON_NAME = AppIcon;
				ASSETCATALOG_COMPILER_GLOBAL_ACCENT_COLOR_NAME = AccentColor;
				CODE_SIGN_ENTITLEMENTS = Guadalajarapp/Guadalajarapp.entitlements;
				CODE_SIGN_STYLE = Automatic;
				CURRENT_PROJECT_VERSION = 1;
				DEAD_CODE_STRIPPING = YES;
				DEVELOPMENT_ASSET_PATHS = "\"Guadalajarapp/Preview Content\"";
				DEVELOPMENT_TEAM = 63B8N9Z9DR;
				ENABLE_PREVIEWS = YES;
				GENERATE_INFOPLIST_FILE = YES;
				"INFOPLIST_KEY_UIApplicationSceneManifest_Generation[sdk=iphoneos*]" = YES;
				"INFOPLIST_KEY_UIApplicationSceneManifest_Generation[sdk=iphonesimulator*]" = YES;
				"INFOPLIST_KEY_UIApplicationSupportsIndirectInputEvents[sdk=iphoneos*]" = YES;
				"INFOPLIST_KEY_UIApplicationSupportsIndirectInputEvents[sdk=iphonesimulator*]" = YES;
				"INFOPLIST_KEY_UILaunchScreen_Generation[sdk=iphoneos*]" = YES;
				"INFOPLIST_KEY_UILaunchScreen_Generation[sdk=iphonesimulator*]" = YES;
				"INFOPLIST_KEY_UIStatusBarStyle[sdk=iphoneos*]" = UIStatusBarStyleDefault;
				"INFOPLIST_KEY_UIStatusBarStyle[sdk=iphonesimulator*]" = UIStatusBarStyleDefault;
				INFOPLIST_KEY_UISupportedInterfaceOrientations_iPad = "UIInterfaceOrientationPortrait UIInterfaceOrientationPortraitUpsideDown UIInterfaceOrientationLandscapeLeft UIInterfaceOrientationLandscapeRight";
				INFOPLIST_KEY_UISupportedInterfaceOrientations_iPhone = "UIInterfaceOrientationPortrait UIInterfaceOrientationLandscapeLeft UIInterfaceOrientationLandscapeRight";
				IPHONEOS_DEPLOYMENT_TARGET = 18.0;
				LD_RUNPATH_SEARCH_PATHS = "@executable_path/Frameworks";
				"LD_RUNPATH_SEARCH_PATHS[sdk=macosx*]" = "@executable_path/../Frameworks";
				MACOSX_DEPLOYMENT_TARGET = 15.0;
				MARKETING_VERSION = 1.0;
				PRODUCT_BUNDLE_IDENTIFIER = danimore.com.Guadalajaraapp;
				PRODUCT_NAME = "$(TARGET_NAME)";
				SDKROOT = auto;
				SUPPORTED_PLATFORMS = "iphoneos iphonesimulator";
				SUPPORTS_MACCATALYST = NO;
				SWIFT_EMIT_LOC_STRINGS = YES;
				SWIFT_VERSION = 5.0;
				TARGETED_DEVICE_FAMILY = "1,2";
				XROS_DEPLOYMENT_TARGET = 2.0;
			};
			name = Debug;
		};
		8B2FF5D92CBA3110006CD4CA /* Release */ = {
			isa = XCBuildConfiguration;
			buildSettings = {
				ASSETCATALOG_COMPILER_APPICON_NAME = AppIcon;
				ASSETCATALOG_COMPILER_GLOBAL_ACCENT_COLOR_NAME = AccentColor;
				CODE_SIGN_ENTITLEMENTS = Guadalajarapp/Guadalajarapp.entitlements;
				CODE_SIGN_STYLE = Automatic;
				CURRENT_PROJECT_VERSION = 1;
				DEAD_CODE_STRIPPING = YES;
				DEVELOPMENT_ASSET_PATHS = "\"Guadalajarapp/Preview Content\"";
				DEVELOPMENT_TEAM = 63B8N9Z9DR;
				ENABLE_PREVIEWS = YES;
				GENERATE_INFOPLIST_FILE = YES;
				"INFOPLIST_KEY_UIApplicationSceneManifest_Generation[sdk=iphoneos*]" = YES;
				"INFOPLIST_KEY_UIApplicationSceneManifest_Generation[sdk=iphonesimulator*]" = YES;
				"INFOPLIST_KEY_UIApplicationSupportsIndirectInputEvents[sdk=iphoneos*]" = YES;
				"INFOPLIST_KEY_UIApplicationSupportsIndirectInputEvents[sdk=iphonesimulator*]" = YES;
				"INFOPLIST_KEY_UILaunchScreen_Generation[sdk=iphoneos*]" = YES;
				"INFOPLIST_KEY_UILaunchScreen_Generation[sdk=iphonesimulator*]" = YES;
				"INFOPLIST_KEY_UIStatusBarStyle[sdk=iphoneos*]" = UIStatusBarStyleDefault;
				"INFOPLIST_KEY_UIStatusBarStyle[sdk=iphonesimulator*]" = UIStatusBarStyleDefault;
				INFOPLIST_KEY_UISupportedInterfaceOrientations_iPad = "UIInterfaceOrientationPortrait UIInterfaceOrientationPortraitUpsideDown UIInterfaceOrientationLandscapeLeft UIInterfaceOrientationLandscapeRight";
				INFOPLIST_KEY_UISupportedInterfaceOrientations_iPhone = "UIInterfaceOrientationPortrait UIInterfaceOrientationLandscapeLeft UIInterfaceOrientationLandscapeRight";
				IPHONEOS_DEPLOYMENT_TARGET = 18.0;
				LD_RUNPATH_SEARCH_PATHS = "@executable_path/Frameworks";
				"LD_RUNPATH_SEARCH_PATHS[sdk=macosx*]" = "@executable_path/../Frameworks";
				MACOSX_DEPLOYMENT_TARGET = 15.0;
				MARKETING_VERSION = 1.0;
				PRODUCT_BUNDLE_IDENTIFIER = danimore.com.Guadalajaraapp;
				PRODUCT_NAME = "$(TARGET_NAME)";
				SDKROOT = auto;
				SUPPORTED_PLATFORMS = "iphoneos iphonesimulator";
				SUPPORTS_MACCATALYST = NO;
				SWIFT_EMIT_LOC_STRINGS = YES;
				SWIFT_VERSION = 5.0;
				TARGETED_DEVICE_FAMILY = "1,2";
				XROS_DEPLOYMENT_TARGET = 2.0;
			};
			name = Release;
		};
		8B2FF5DB2CBA3110006CD4CA /* Debug */ = {
			isa = XCBuildConfiguration;
			buildSettings = {
				BUNDLE_LOADER = "$(TEST_HOST)";
				CODE_SIGN_STYLE = Automatic;
				CURRENT_PROJECT_VERSION = 1;
				DEAD_CODE_STRIPPING = YES;
				GENERATE_INFOPLIST_FILE = YES;
				IPHONEOS_DEPLOYMENT_TARGET = 18.0;
				MACOSX_DEPLOYMENT_TARGET = 15.0;
				MARKETING_VERSION = 1.0;
				PRODUCT_BUNDLE_IDENTIFIER = danimore.com.GuadalajarappTests;
				PRODUCT_NAME = "$(TARGET_NAME)";
				SDKROOT = auto;
				SUPPORTED_PLATFORMS = "iphoneos iphonesimulator macosx xros xrsimulator";
				SWIFT_EMIT_LOC_STRINGS = NO;
				SWIFT_VERSION = 5.0;
				TARGETED_DEVICE_FAMILY = "1,2,7";
				TEST_HOST = "$(BUILT_PRODUCTS_DIR)/Guadalajarapp.app/$(BUNDLE_EXECUTABLE_FOLDER_PATH)/Guadalajarapp";
				XROS_DEPLOYMENT_TARGET = 2.0;
			};
			name = Debug;
		};
		8B2FF5DC2CBA3110006CD4CA /* Release */ = {
			isa = XCBuildConfiguration;
			buildSettings = {
				BUNDLE_LOADER = "$(TEST_HOST)";
				CODE_SIGN_STYLE = Automatic;
				CURRENT_PROJECT_VERSION = 1;
				DEAD_CODE_STRIPPING = YES;
				GENERATE_INFOPLIST_FILE = YES;
				IPHONEOS_DEPLOYMENT_TARGET = 18.0;
				MACOSX_DEPLOYMENT_TARGET = 15.0;
				MARKETING_VERSION = 1.0;
				PRODUCT_BUNDLE_IDENTIFIER = danimore.com.GuadalajarappTests;
				PRODUCT_NAME = "$(TARGET_NAME)";
				SDKROOT = auto;
				SUPPORTED_PLATFORMS = "iphoneos iphonesimulator macosx xros xrsimulator";
				SWIFT_EMIT_LOC_STRINGS = NO;
				SWIFT_VERSION = 5.0;
				TARGETED_DEVICE_FAMILY = "1,2,7";
				TEST_HOST = "$(BUILT_PRODUCTS_DIR)/Guadalajarapp.app/$(BUNDLE_EXECUTABLE_FOLDER_PATH)/Guadalajarapp";
				XROS_DEPLOYMENT_TARGET = 2.0;
			};
			name = Release;
		};
		8B2FF5DE2CBA3110006CD4CA /* Debug */ = {
			isa = XCBuildConfiguration;
			buildSettings = {
				CODE_SIGN_STYLE = Automatic;
				CURRENT_PROJECT_VERSION = 1;
				DEAD_CODE_STRIPPING = YES;
				GENERATE_INFOPLIST_FILE = YES;
				IPHONEOS_DEPLOYMENT_TARGET = 18.0;
				MACOSX_DEPLOYMENT_TARGET = 15.0;
				MARKETING_VERSION = 1.0;
				PRODUCT_BUNDLE_IDENTIFIER = danimore.com.GuadalajarappUITests;
				PRODUCT_NAME = "$(TARGET_NAME)";
				SDKROOT = auto;
				SUPPORTED_PLATFORMS = "iphoneos iphonesimulator macosx xros xrsimulator";
				SWIFT_EMIT_LOC_STRINGS = NO;
				SWIFT_VERSION = 5.0;
				TARGETED_DEVICE_FAMILY = "1,2,7";
				TEST_TARGET_NAME = Guadalajarapp;
				XROS_DEPLOYMENT_TARGET = 2.0;
			};
			name = Debug;
		};
		8B2FF5DF2CBA3110006CD4CA /* Release */ = {
			isa = XCBuildConfiguration;
			buildSettings = {
				CODE_SIGN_STYLE = Automatic;
				CURRENT_PROJECT_VERSION = 1;
				DEAD_CODE_STRIPPING = YES;
				GENERATE_INFOPLIST_FILE = YES;
				IPHONEOS_DEPLOYMENT_TARGET = 18.0;
				MACOSX_DEPLOYMENT_TARGET = 15.0;
				MARKETING_VERSION = 1.0;
				PRODUCT_BUNDLE_IDENTIFIER = danimore.com.GuadalajarappUITests;
				PRODUCT_NAME = "$(TARGET_NAME)";
				SDKROOT = auto;
				SUPPORTED_PLATFORMS = "iphoneos iphonesimulator macosx xros xrsimulator";
				SWIFT_EMIT_LOC_STRINGS = NO;
				SWIFT_VERSION = 5.0;
				TARGETED_DEVICE_FAMILY = "1,2,7";
				TEST_TARGET_NAME = Guadalajarapp;
				XROS_DEPLOYMENT_TARGET = 2.0;
			};
			name = Release;
		};
/* End XCBuildConfiguration section */

/* Begin XCConfigurationList section */
		8B2FF5AD2CBA310E006CD4CA /* Build configuration list for PBXProject "Guadalajarapp" */ = {
			isa = XCConfigurationList;
			buildConfigurations = (
				8B2FF5D52CBA3110006CD4CA /* Debug */,
				8B2FF5D62CBA3110006CD4CA /* Release */,
			);
			defaultConfigurationIsVisible = 0;
			defaultConfigurationName = Release;
		};
		8B2FF5D72CBA3110006CD4CA /* Build configuration list for PBXNativeTarget "Guadalajarapp" */ = {
			isa = XCConfigurationList;
			buildConfigurations = (
				8B2FF5D82CBA3110006CD4CA /* Debug */,
				8B2FF5D92CBA3110006CD4CA /* Release */,
			);
			defaultConfigurationIsVisible = 0;
			defaultConfigurationName = Release;
		};
		8B2FF5DA2CBA3110006CD4CA /* Build configuration list for PBXNativeTarget "GuadalajarappTests" */ = {
			isa = XCConfigurationList;
			buildConfigurations = (
				8B2FF5DB2CBA3110006CD4CA /* Debug */,
				8B2FF5DC2CBA3110006CD4CA /* Release */,
			);
			defaultConfigurationIsVisible = 0;
			defaultConfigurationName = Release;
		};
		8B2FF5DD2CBA3110006CD4CA /* Build configuration list for PBXNativeTarget "GuadalajarappUITests" */ = {
			isa = XCConfigurationList;
			buildConfigurations = (
				8B2FF5DE2CBA3110006CD4CA /* Debug */,
				8B2FF5DF2CBA3110006CD4CA /* Release */,
			);
			defaultConfigurationIsVisible = 0;
			defaultConfigurationName = Release;
		};
/* End XCConfigurationList section */

/* Begin XCRemoteSwiftPackageReference section */
		8BD80ED12DFE46040081EE60 /* XCRemoteSwiftPackageReference "firebase-ios-sdk" */ = {
			isa = XCRemoteSwiftPackageReference;
			repositoryURL = "https://github.com/firebase/firebase-ios-sdk.git";
			requirement = {
				kind = upToNextMajorVersion;
				minimumVersion = 11.14.0;
			};
		};
/* End XCRemoteSwiftPackageReference section */

/* Begin XCSwiftPackageProductDependency section */
		8BD80ED22DFE46040081EE60 /* FirebaseAI */ = {
			isa = XCSwiftPackageProductDependency;
			package = 8BD80ED12DFE46040081EE60 /* XCRemoteSwiftPackageReference "firebase-ios-sdk" */;
			productName = FirebaseAI;
		};
		8BD80ED42DFE46040081EE60 /* FirebaseAppCheck */ = {
			isa = XCSwiftPackageProductDependency;
			package = 8BD80ED12DFE46040081EE60 /* XCRemoteSwiftPackageReference "firebase-ios-sdk" */;
			productName = FirebaseAppCheck;
		};
		8BD80ED62DFE46050081EE60 /* FirebaseAuth */ = {
			isa = XCSwiftPackageProductDependency;
			package = 8BD80ED12DFE46040081EE60 /* XCRemoteSwiftPackageReference "firebase-ios-sdk" */;
			productName = FirebaseAuth;
		};
		8BD80ED82DFE46050081EE60 /* FirebaseDatabase */ = {
			isa = XCSwiftPackageProductDependency;
			package = 8BD80ED12DFE46040081EE60 /* XCRemoteSwiftPackageReference "firebase-ios-sdk" */;
			productName = FirebaseDatabase;
		};
		8BD80EDA2DFE46050081EE60 /* FirebaseFirestore */ = {
			isa = XCSwiftPackageProductDependency;
			package = 8BD80ED12DFE46040081EE60 /* XCRemoteSwiftPackageReference "firebase-ios-sdk" */;
			productName = FirebaseFirestore;
		};
		8BD80EDC2DFE46050081EE60 /* FirebaseVertexAI */ = {
			isa = XCSwiftPackageProductDependency;
			package = 8BD80ED12DFE46040081EE60 /* XCRemoteSwiftPackageReference "firebase-ios-sdk" */;
			productName = FirebaseVertexAI;
		};
		8BD80EE22DFE4FC10081EE60 /* FirebaseStorageCombine-Community */ = {
			isa = XCSwiftPackageProductDependency;
			package = 8BD80ED12DFE46040081EE60 /* XCRemoteSwiftPackageReference "firebase-ios-sdk" */;
			productName = "FirebaseStorageCombine-Community";
		};
		8BD80EE42DFE50350081EE60 /* FirebaseCore */ = {
			isa = XCSwiftPackageProductDependency;
			package = 8BD80ED12DFE46040081EE60 /* XCRemoteSwiftPackageReference "firebase-ios-sdk" */;
			productName = FirebaseCore;
		};
		8BD80EE62DFE50B20081EE60 /* FirebaseFirestore */ = {
			isa = XCSwiftPackageProductDependency;
			package = 8BD80ED12DFE46040081EE60 /* XCRemoteSwiftPackageReference "firebase-ios-sdk" */;
			productName = FirebaseFirestore;
		};
		8BD80EE82DFE50B20081EE60 /* FirebaseFirestoreCombine-Community */ = {
			isa = XCSwiftPackageProductDependency;
			package = 8BD80ED12DFE46040081EE60 /* XCRemoteSwiftPackageReference "firebase-ios-sdk" */;
			productName = "FirebaseFirestoreCombine-Community";
		};
		8BD80EEA2DFE51840081EE60 /* FirebaseFirestoreCombine-Community */ = {
			isa = XCSwiftPackageProductDependency;
			package = 8BD80ED12DFE46040081EE60 /* XCRemoteSwiftPackageReference "firebase-ios-sdk" */;
			productName = "FirebaseFirestoreCombine-Community";
		};
/* End XCSwiftPackageProductDependency section */
	};
	rootObject = 8B2FF5AA2CBA310E006CD4CA /* Project object */;
}
